
Microsoft Visual Studio Solution File, Format Version 12.00
# Visual Studio Version 17
VisualStudioVersion = 17.0.31903.59
MinimumVisualStudioVersion = 10.0.40219.1
Project("{FAE04EC0-301F-11D3-BF4B-00C04F79EFBC}") = "LeadFlow.Api", "src\LeadFlow.Api\LeadFlow.Api.csproj", "{F6B32709-498E-436B-883A-15130F3CE879}"
EndProject
Project("{FAE04EC0-301F-11D3-BF4B-00C04F79EFBC}") = "LeadFlow.Tests", "tests\LeadFlow.Tests\LeadFlow.Tests.csproj", "{127D3011-CCB7-4914-AAB3-3084D3D582FF}"
EndProject
Global
	GlobalSection(SolutionConfigurationPlatforms) = preSolution
		Debug|Any CPU = Debug|Any CPU
		Release|Any CPU = Release|Any CPU
	EndGlobalSection
	GlobalSection(ProjectConfigurationPlatforms) = postSolution
		{F6B32709-498E-436B-883A-15130F3CE879}.Debug|Any CPU.ActiveCfg = Debug|Any CPU
		{F6B32709-498E-436B-883A-15130F3CE879}.Debug|Any CPU.Build.0 = Debug|Any CPU
		{F6B32709-498E-436B-883A-15130F3CE879}.Release|Any CPU.ActiveCfg = Release|Any CPU
		{F6B32709-498E-436B-883A-15130F3CE879}.Release|Any CPU.Build.0 = Release|Any CPU
		{127D3011-CCB7-4914-AAB3-3084D3D582FF}.Debug|Any CPU.ActiveCfg = Debug|Any CPU
		{127D3011-CCB7-4914-AAB3-3084D3D582FF}.Debug|Any CPU.Build.0 = Debug|Any CPU
		{127D3011-CCB7-4914-AAB3-3084D3D582FF}.Release|Any CPU.ActiveCfg = Release|Any CPU
		{127D3011-CCB7-4914-AAB3-3084D3D582FF}.Release|Any CPU.Build.0 = Release|Any CPU
	EndGlobalSection
	GlobalSection(SolutionProperties) = preSolution
		HideSolutionNode = FALSE
	EndGlobalSection
	GlobalSection(ExtensibilityGlobals) = postSolution
		SolutionGuid = {1592C2F3-1F2E-490F-B118-06E1686CA98C}
	EndGlobalSection
EndGlobal
